
Microsoft Visual Studio Solution File, Format Version 12.00
# Visual Studio Version 17
VisualStudioVersion = 17.0.31903.59
MinimumVisualStudioVersion = 10.0.40219.1
Project("{FAE04EC0-301F-11D3-BF4B-00C04F79EFBC}") = "DemoApp.Tests", "DemoApp.Tests\DemoApp.Tests.csproj", "{3A9866D0-6AF5-44B0-945E-2084C394F793}"
EndProject
Project("{FAE04EC0-301F-11D3-BF4B-00C04F79EFBC}") = "DemoApp", "DemoApp\DemoApp.csproj", "{3C15D92E-7A4A-4E87-905D-5CDAB2A8CD98}"
EndProject
Global
	GlobalSection(SolutionConfigurationPlatforms) = preSolution
		Debug|Any CPU = Debug|Any CPU
		Debug|x64 = Debug|x64
		Debug|x86 = Debug|x86
		Release|Any CPU = Release|Any CPU
		Release|x64 = Release|x64
		Release|x86 = Release|x86
	EndGlobalSection
	GlobalSection(ProjectConfigurationPlatforms) = postSolution
		{3A9866D0-6AF5-44B0-945E-2084C394F793}.Debug|Any CPU.ActiveCfg = Debug|Any CPU
		{3A9866D0-6AF5-44B0-945E-2084C394F793}.Debug|Any CPU.Build.0 = Debug|Any CPU
		{3A9866D0-6AF5-44B0-945E-2084C394F793}.Debug|x64.ActiveCfg = Debug|Any CPU
		{3A9866D0-6AF5-44B0-945E-2084C394F793}.Debug|x64.Build.0 = Debug|Any CPU
		{3A9866D0-6AF5-44B0-945E-2084C394F793}.Debug|x86.ActiveCfg = Debug|Any CPU
		{3A9866D0-6AF5-44B0-945E-2084C394F793}.Debug|x86.Build.0 = Debug|Any CPU
		{3A9866D0-6AF5-44B0-945E-2084C394F793}.Release|Any CPU.ActiveCfg = Release|Any CPU
		{3A9866D0-6AF5-44B0-945E-2084C394F793}.Release|Any CPU.Build.0 = Release|Any CPU
		{3A9866D0-6AF5-44B0-945E-2084C394F793}.Release|x64.ActiveCfg = Release|Any CPU
		{3A9866D0-6AF5-44B0-945E-2084C394F793}.Release|x64.Build.0 = Release|Any CPU
		{3A9866D0-6AF5-44B0-945E-2084C394F793}.Release|x86.ActiveCfg = Release|Any CPU
		{3A9866D0-6AF5-44B0-945E-2084C394F793}.Release|x86.Build.0 = Release|Any CPU
		{3C15D92E-7A4A-4E87-905D-5CDAB2A8CD98}.Debug|Any CPU.ActiveCfg = Debug|Any CPU
		{3C15D92E-7A4A-4E87-905D-5CDAB2A8CD98}.Debug|Any CPU.Build.0 = Debug|Any CPU
		{3C15D92E-7A4A-4E87-905D-5CDAB2A8CD98}.Debug|x64.ActiveCfg = Debug|Any CPU
		{3C15D92E-7A4A-4E87-905D-5CDAB2A8CD98}.Debug|x64.Build.0 = Debug|Any CPU
		{3C15D92E-7A4A-4E87-905D-5CDAB2A8CD98}.Debug|x86.ActiveCfg = Debug|Any CPU
		{3C15D92E-7A4A-4E87-905D-5CDAB2A8CD98}.Debug|x86.Build.0 = Debug|Any CPU
		{3C15D92E-7A4A-4E87-905D-5CDAB2A8CD98}.Release|Any CPU.ActiveCfg = Release|Any CPU
		{3C15D92E-7A4A-4E87-905D-5CDAB2A8CD98}.Release|Any CPU.Build.0 = Release|Any CPU
		{3C15D92E-7A4A-4E87-905D-5CDAB2A8CD98}.Release|x64.ActiveCfg = Release|Any CPU
		{3C15D92E-7A4A-4E87-905D-5CDAB2A8CD98}.Release|x64.Build.0 = Release|Any CPU
		{3C15D92E-7A4A-4E87-905D-5CDAB2A8CD98}.Release|x86.ActiveCfg = Release|Any CPU
		{3C15D92E-7A4A-4E87-905D-5CDAB2A8CD98}.Release|x86.Build.0 = Release|Any CPU
	EndGlobalSection
	GlobalSection(SolutionProperties) = preSolution
		HideSolutionNode = FALSE
	EndGlobalSection
EndGlobal
